
Microsoft Visual Studio Solution File, Format Version 12.00
# Visual Studio Version 17
VisualStudioVersion = 17.3.32804.467
MinimumVisualStudioVersion = 10.0.40219.1
Project("{9A19103F-16F7-4668-BE54-9A1E7A4F7556}") = "EF006.InternalConfiguration", "EF006.InternalConfiguration.csproj", "{4530054A-D4D2-4882-978A-A34F41204EAF}"
EndProject
Project("{9A19103F-16F7-4668-BE54-9A1E7A4F7556}") = "EF006.ExternalConfiguration", "..\EF006.ExternalConfiguration\EF006.ExternalConfiguration.csproj", "{C6E495CA-D7C0-44C8-851F-4B5A9DEED73C}"
EndProject
Project("{9A19103F-16F7-4668-BE54-9A1E7A4F7556}") = "EF006.DependancyInjection", "..\EF006.DependancyInjection\EF006.DependancyInjection.csproj", "{FFAE7F9E-81BC-4BA7-86A5-13295D2CE275}"
EndProject
Project("{9A19103F-16F7-4668-BE54-9A1E7A4F7556}") = "EF006.ContextFactory", "..\EF006.ContextFactory\EF006.ContextFactory.csproj", "{46052E5B-F02D-4762-B17C-7F2565AE11DF}"
EndProject
Project("{9A19103F-16F7-4668-BE54-9A1E7A4F7556}") = "EF006.DbContextLifeTime", "..\EF006.DbContextLifeTime\EF006.DbContextLifeTime.csproj", "{F77842C6-66A6-492D-A270-38E2AF1E2673}"
EndProject
Project("{9A19103F-16F7-4668-BE54-9A1E7A4F7556}") = "EF006.DbContextAndConcurrency", "..\EF006.DbContextAndConcurrency\EF006.DbContextAndConcurrency.csproj", "{1C07F172-B6F5-4308-A073-C14124938FDD}"
EndProject
Project("{9A19103F-16F7-4668-BE54-9A1E7A4F7556}") = "EF006.DbContextPool", "..\EF006.DbContextPool\EF006.DbContextPool.csproj", "{F659F6A2-D5BE-41D1-AF06-DB5276B8A971}"
EndProject
Global
	GlobalSection(SolutionConfigurationPlatforms) = preSolution
		Debug|Any CPU = Debug|Any CPU
		Release|Any CPU = Release|Any CPU
	EndGlobalSection
	GlobalSection(ProjectConfigurationPlatforms) = postSolution
		{4530054A-D4D2-4882-978A-A34F41204EAF}.Debug|Any CPU.ActiveCfg = Debug|Any CPU
		{4530054A-D4D2-4882-978A-A34F41204EAF}.Debug|Any CPU.Build.0 = Debug|Any CPU
		{4530054A-D4D2-4882-978A-A34F41204EAF}.Release|Any CPU.ActiveCfg = Release|Any CPU
		{4530054A-D4D2-4882-978A-A34F41204EAF}.Release|Any CPU.Build.0 = Release|Any CPU
		{C6E495CA-D7C0-44C8-851F-4B5A9DEED73C}.Debug|Any CPU.ActiveCfg = Debug|Any CPU
		{C6E495CA-D7C0-44C8-851F-4B5A9DEED73C}.Debug|Any CPU.Build.0 = Debug|Any CPU
		{C6E495CA-D7C0-44C8-851F-4B5A9DEED73C}.Release|Any CPU.ActiveCfg = Release|Any CPU
		{C6E495CA-D7C0-44C8-851F-4B5A9DEED73C}.Release|Any CPU.Build.0 = Release|Any CPU
		{FFAE7F9E-81BC-4BA7-86A5-13295D2CE275}.Debug|Any CPU.ActiveCfg = Debug|Any CPU
		{FFAE7F9E-81BC-4BA7-86A5-13295D2CE275}.Debug|Any CPU.Build.0 = Debug|Any CPU
		{FFAE7F9E-81BC-4BA7-86A5-13295D2CE275}.Release|Any CPU.ActiveCfg = Release|Any CPU
		{FFAE7F9E-81BC-4BA7-86A5-13295D2CE275}.Release|Any CPU.Build.0 = Release|Any CPU
		{46052E5B-F02D-4762-B17C-7F2565AE11DF}.Debug|Any CPU.ActiveCfg = Debug|Any CPU
		{46052E5B-F02D-4762-B17C-7F2565AE11DF}.Debug|Any CPU.Build.0 = Debug|Any CPU
		{46052E5B-F02D-4762-B17C-7F2565AE11DF}.Release|Any CPU.ActiveCfg = Release|Any CPU
		{46052E5B-F02D-4762-B17C-7F2565AE11DF}.Release|Any CPU.Build.0 = Release|Any CPU
		{F77842C6-66A6-492D-A270-38E2AF1E2673}.Debug|Any CPU.ActiveCfg = Debug|Any CPU
		{F77842C6-66A6-492D-A270-38E2AF1E2673}.Debug|Any CPU.Build.0 = Debug|Any CPU
		{F77842C6-66A6-492D-A270-38E2AF1E2673}.Release|Any CPU.ActiveCfg = Release|Any CPU
		{F77842C6-66A6-492D-A270-38E2AF1E2673}.Release|Any CPU.Build.0 = Release|Any CPU
		{1C07F172-B6F5-4308-A073-C14124938FDD}.Debug|Any CPU.ActiveCfg = Debug|Any CPU
		{1C07F172-B6F5-4308-A073-C14124938FDD}.Debug|Any CPU.Build.0 = Debug|Any CPU
		{1C07F172-B6F5-4308-A073-C14124938FDD}.Release|Any CPU.ActiveCfg = Release|Any CPU
		{1C07F172-B6F5-4308-A073-C14124938FDD}.Release|Any CPU.Build.0 = Release|Any CPU
		{F659F6A2-D5BE-41D1-AF06-DB5276B8A971}.Debug|Any CPU.ActiveCfg = Debug|Any CPU
		{F659F6A2-D5BE-41D1-AF06-DB5276B8A971}.Debug|Any CPU.Build.0 = Debug|Any CPU
		{F659F6A2-D5BE-41D1-AF06-DB5276B8A971}.Release|Any CPU.ActiveCfg = Release|Any CPU
		{F659F6A2-D5BE-41D1-AF06-DB5276B8A971}.Release|Any CPU.Build.0 = Release|Any CPU
	EndGlobalSection
	GlobalSection(SolutionProperties) = preSolution
		HideSolutionNode = FALSE
	EndGlobalSection
	GlobalSection(ExtensibilityGlobals) = postSolution
		SolutionGuid = {FB0C7A3F-778E-4694-8C6C-E957234696F8}
	EndGlobalSection
EndGlobal
