
Microsoft Visual Studio Solution File, Format Version 12.00
# Visual Studio Version 17
VisualStudioVersion = 17.3.32804.467
MinimumVisualStudioVersion = 10.0.40219.1
Project("{FAE04EC0-301F-11D3-BF4B-00C04F79EFBC}") = "EF006", "EF006.csproj", "{4530054A-D4D2-4882-978A-A34F41204EAF}"
EndProject
Global
	GlobalSection(SolutionConfigurationPlatforms) = preSolution
		Debug|Any CPU = Debug|Any CPU
		Release|Any CPU = Release|Any CPU
	EndGlobalSection
	GlobalSection(ProjectConfigurationPlatforms) = postSolution
		{4530054A-D4D2-4882-978A-A34F41204EAF}.Debug|Any CPU.ActiveCfg = Debug|Any CPU
		{4530054A-D4D2-4882-978A-A34F41204EAF}.Debug|Any CPU.Build.0 = Debug|Any CPU
		{4530054A-D4D2-4882-978A-A34F41204EAF}.Release|Any CPU.ActiveCfg = Release|Any CPU
		{4530054A-D4D2-4882-978A-A34F41204EAF}.Release|Any CPU.Build.0 = Release|Any CPU
	EndGlobalSection
	GlobalSection(SolutionProperties) = preSolution
		HideSolutionNode = FALSE
	EndGlobalSection
	GlobalSection(ExtensibilityGlobals) = postSolution
		SolutionGuid = {FB0C7A3F-778E-4694-8C6C-E957234696F8}
	EndGlobalSection
EndGlobal
